
Microsoft Visual Studio Solution File, Format Version 11.00
# Visual Studio 2010
Project("{FAE04EC0-301F-11D3-BF4B-00C04F79EFBC}") = "App.WebUI", "App.WebUI\App.WebUI.csproj", "{76168D1A-A0B9-4290-92DD-50E25394F81D}"
EndProject
Project("{FAE04EC0-301F-11D3-BF4B-00C04F79EFBC}") = "App.Extensions", "App.Extensions\App.Extensions.csproj", "{8430AE65-AEB1-48A0-A95E-A48FAA2FC206}"
EndProject
Project("{FAE04EC0-301F-11D3-BF4B-00C04F79EFBC}") = "App.Filters", "App.Filters\App.Filters.csproj", "{B34A6321-3F77-4F87-99A0-B5A35F2371EB}"
EndProject
Project("{FAE04EC0-301F-11D3-BF4B-00C04F79EFBC}") = "App.Utils", "App.Utils\App.Utils.csproj", "{10956737-14DE-4092-8DE4-338538F7688B}"
EndProject
Project("{FAE04EC0-301F-11D3-BF4B-00C04F79EFBC}") = "App.Entities", "App.Entities\App.Entities.csproj", "{F2719F10-0C24-4A40-9A35-B8D7C29A40C2}"
EndProject
Project("{FAE04EC0-301F-11D3-BF4B-00C04F79EFBC}") = "App.Models", "App.Models\App.Models.csproj", "{E21F3610-3B86-4956-8CE3-65DCB684CB38}"
EndProject
Project("{FAE04EC0-301F-11D3-BF4B-00C04F79EFBC}") = "App.ServicesInterface", "App.ServicesInterface\App.ServicesInterface.csproj", "{3242352A-65C7-4CCA-B3B4-27CE5EC8F497}"
EndProject
Project("{FAE04EC0-301F-11D3-BF4B-00C04F79EFBC}") = "App.Services", "App.Services\App.Services.csproj", "{C2AFA480-A606-482D-9CAB-1FE799A4B63B}"
EndProject
Project("{FAE04EC0-301F-11D3-BF4B-00C04F79EFBC}") = "App.Tests.Controllers", "App.ControllerTests\App.Tests.Controllers.csproj", "{6C618A95-ECE1-4296-9213-612F485BFAE3}"
EndProject
Project("{2150E333-8FDC-42A3-9474-1A3956D46DE8}") = "TestProjects", "TestProjects", "{47D31E90-D161-4745-820C-988AC50AEC82}"
EndProject
Project("{FAE04EC0-301F-11D3-BF4B-00C04F79EFBC}") = "App.Tests.Utils", "App.Tests.Utils\App.Tests.Utils.csproj", "{08728FB0-CFB6-414E-8469-9E0A85B05875}"
EndProject
Project("{FAE04EC0-301F-11D3-BF4B-00C04F79EFBC}") = "App.Tests.Services", "App.Tests.Services\App.Tests.Services.csproj", "{04B67F51-1DCC-4F4C-AB8A-AF4DC24621B1}"
EndProject
Project("{2150E333-8FDC-42A3-9474-1A3956D46DE8}") = "Logic", "Logic", "{D1068C97-C12A-4282-A109-95460E0867E1}"
EndProject
Project("{2150E333-8FDC-42A3-9474-1A3956D46DE8}") = "ValidationExtensions", "ValidationExtensions", "{19BB54CF-C67D-4399-AB29-A8A3B31C4CE5}"
EndProject
Project("{FAE04EC0-301F-11D3-BF4B-00C04F79EFBC}") = "DataAnnotationsExtensions.ClientValidation", "DataAnnotationsExtensions.ClientValidation\DataAnnotationsExtensions.ClientValidation.csproj", "{CE731EE1-C6D0-4183-803D-14729BBE2895}"
EndProject
Project("{FAE04EC0-301F-11D3-BF4B-00C04F79EFBC}") = "DataAnnotationsExtensions", "DataAnnotationsExtensions\DataAnnotationsExtensions.csproj", "{FE938484-722F-40F6-AC72-3B8C8533CA54}"
EndProject
Global
	GlobalSection(SolutionConfigurationPlatforms) = preSolution
		Debug|Any CPU = Debug|Any CPU
		Release|Any CPU = Release|Any CPU
	EndGlobalSection
	GlobalSection(ProjectConfigurationPlatforms) = postSolution
		{76168D1A-A0B9-4290-92DD-50E25394F81D}.Debug|Any CPU.ActiveCfg = Debug|Any CPU
		{76168D1A-A0B9-4290-92DD-50E25394F81D}.Debug|Any CPU.Build.0 = Debug|Any CPU
		{76168D1A-A0B9-4290-92DD-50E25394F81D}.Release|Any CPU.ActiveCfg = Release|Any CPU
		{76168D1A-A0B9-4290-92DD-50E25394F81D}.Release|Any CPU.Build.0 = Release|Any CPU
		{8430AE65-AEB1-48A0-A95E-A48FAA2FC206}.Debug|Any CPU.ActiveCfg = Debug|Any CPU
		{8430AE65-AEB1-48A0-A95E-A48FAA2FC206}.Debug|Any CPU.Build.0 = Debug|Any CPU
		{8430AE65-AEB1-48A0-A95E-A48FAA2FC206}.Release|Any CPU.ActiveCfg = Release|Any CPU
		{8430AE65-AEB1-48A0-A95E-A48FAA2FC206}.Release|Any CPU.Build.0 = Release|Any CPU
		{B34A6321-3F77-4F87-99A0-B5A35F2371EB}.Debug|Any CPU.ActiveCfg = Debug|Any CPU
		{B34A6321-3F77-4F87-99A0-B5A35F2371EB}.Debug|Any CPU.Build.0 = Debug|Any CPU
		{B34A6321-3F77-4F87-99A0-B5A35F2371EB}.Release|Any CPU.ActiveCfg = Release|Any CPU
		{B34A6321-3F77-4F87-99A0-B5A35F2371EB}.Release|Any CPU.Build.0 = Release|Any CPU
		{10956737-14DE-4092-8DE4-338538F7688B}.Debug|Any CPU.ActiveCfg = Debug|Any CPU
		{10956737-14DE-4092-8DE4-338538F7688B}.Debug|Any CPU.Build.0 = Debug|Any CPU
		{10956737-14DE-4092-8DE4-338538F7688B}.Release|Any CPU.ActiveCfg = Release|Any CPU
		{10956737-14DE-4092-8DE4-338538F7688B}.Release|Any CPU.Build.0 = Release|Any CPU
		{F2719F10-0C24-4A40-9A35-B8D7C29A40C2}.Debug|Any CPU.ActiveCfg = Debug|Any CPU
		{F2719F10-0C24-4A40-9A35-B8D7C29A40C2}.Debug|Any CPU.Build.0 = Debug|Any CPU
		{F2719F10-0C24-4A40-9A35-B8D7C29A40C2}.Release|Any CPU.ActiveCfg = Release|Any CPU
		{F2719F10-0C24-4A40-9A35-B8D7C29A40C2}.Release|Any CPU.Build.0 = Release|Any CPU
		{E21F3610-3B86-4956-8CE3-65DCB684CB38}.Debug|Any CPU.ActiveCfg = Debug|Any CPU
		{E21F3610-3B86-4956-8CE3-65DCB684CB38}.Debug|Any CPU.Build.0 = Debug|Any CPU
		{E21F3610-3B86-4956-8CE3-65DCB684CB38}.Release|Any CPU.ActiveCfg = Release|Any CPU
		{E21F3610-3B86-4956-8CE3-65DCB684CB38}.Release|Any CPU.Build.0 = Release|Any CPU
		{3242352A-65C7-4CCA-B3B4-27CE5EC8F497}.Debug|Any CPU.ActiveCfg = Debug|Any CPU
		{3242352A-65C7-4CCA-B3B4-27CE5EC8F497}.Debug|Any CPU.Build.0 = Debug|Any CPU
		{3242352A-65C7-4CCA-B3B4-27CE5EC8F497}.Release|Any CPU.ActiveCfg = Release|Any CPU
		{3242352A-65C7-4CCA-B3B4-27CE5EC8F497}.Release|Any CPU.Build.0 = Release|Any CPU
		{C2AFA480-A606-482D-9CAB-1FE799A4B63B}.Debug|Any CPU.ActiveCfg = Debug|Any CPU
		{C2AFA480-A606-482D-9CAB-1FE799A4B63B}.Debug|Any CPU.Build.0 = Debug|Any CPU
		{C2AFA480-A606-482D-9CAB-1FE799A4B63B}.Release|Any CPU.ActiveCfg = Release|Any CPU
		{C2AFA480-A606-482D-9CAB-1FE799A4B63B}.Release|Any CPU.Build.0 = Release|Any CPU
		{6C618A95-ECE1-4296-9213-612F485BFAE3}.Debug|Any CPU.ActiveCfg = Debug|Any CPU
		{6C618A95-ECE1-4296-9213-612F485BFAE3}.Debug|Any CPU.Build.0 = Debug|Any CPU
		{6C618A95-ECE1-4296-9213-612F485BFAE3}.Release|Any CPU.ActiveCfg = Release|Any CPU
		{6C618A95-ECE1-4296-9213-612F485BFAE3}.Release|Any CPU.Build.0 = Release|Any CPU
		{08728FB0-CFB6-414E-8469-9E0A85B05875}.Debug|Any CPU.ActiveCfg = Debug|Any CPU
		{08728FB0-CFB6-414E-8469-9E0A85B05875}.Debug|Any CPU.Build.0 = Debug|Any CPU
		{08728FB0-CFB6-414E-8469-9E0A85B05875}.Release|Any CPU.ActiveCfg = Release|Any CPU
		{08728FB0-CFB6-414E-8469-9E0A85B05875}.Release|Any CPU.Build.0 = Release|Any CPU
		{04B67F51-1DCC-4F4C-AB8A-AF4DC24621B1}.Debug|Any CPU.ActiveCfg = Debug|Any CPU
		{04B67F51-1DCC-4F4C-AB8A-AF4DC24621B1}.Debug|Any CPU.Build.0 = Debug|Any CPU
		{04B67F51-1DCC-4F4C-AB8A-AF4DC24621B1}.Release|Any CPU.ActiveCfg = Release|Any CPU
		{04B67F51-1DCC-4F4C-AB8A-AF4DC24621B1}.Release|Any CPU.Build.0 = Release|Any CPU
		{CE731EE1-C6D0-4183-803D-14729BBE2895}.Debug|Any CPU.ActiveCfg = Debug|Any CPU
		{CE731EE1-C6D0-4183-803D-14729BBE2895}.Debug|Any CPU.Build.0 = Debug|Any CPU
		{CE731EE1-C6D0-4183-803D-14729BBE2895}.Release|Any CPU.ActiveCfg = Release|Any CPU
		{CE731EE1-C6D0-4183-803D-14729BBE2895}.Release|Any CPU.Build.0 = Release|Any CPU
		{FE938484-722F-40F6-AC72-3B8C8533CA54}.Debug|Any CPU.ActiveCfg = Debug|Any CPU
		{FE938484-722F-40F6-AC72-3B8C8533CA54}.Debug|Any CPU.Build.0 = Debug|Any CPU
		{FE938484-722F-40F6-AC72-3B8C8533CA54}.Release|Any CPU.ActiveCfg = Release|Any CPU
		{FE938484-722F-40F6-AC72-3B8C8533CA54}.Release|Any CPU.Build.0 = Release|Any CPU
	EndGlobalSection
	GlobalSection(SolutionProperties) = preSolution
		HideSolutionNode = FALSE
	EndGlobalSection
	GlobalSection(NestedProjects) = preSolution
		{C2AFA480-A606-482D-9CAB-1FE799A4B63B} = {D1068C97-C12A-4282-A109-95460E0867E1}
		{3242352A-65C7-4CCA-B3B4-27CE5EC8F497} = {D1068C97-C12A-4282-A109-95460E0867E1}
		{6C618A95-ECE1-4296-9213-612F485BFAE3} = {47D31E90-D161-4745-820C-988AC50AEC82}
		{08728FB0-CFB6-414E-8469-9E0A85B05875} = {47D31E90-D161-4745-820C-988AC50AEC82}
		{04B67F51-1DCC-4F4C-AB8A-AF4DC24621B1} = {47D31E90-D161-4745-820C-988AC50AEC82}
		{CE731EE1-C6D0-4183-803D-14729BBE2895} = {19BB54CF-C67D-4399-AB29-A8A3B31C4CE5}
		{FE938484-722F-40F6-AC72-3B8C8533CA54} = {19BB54CF-C67D-4399-AB29-A8A3B31C4CE5}
	EndGlobalSection
EndGlobal
